
Microsoft Visual Studio Solution File, Format Version 12.00
# Visual Studio 14
VisualStudioVersion = 14.0.23107.0
MinimumVisualStudioVersion = 10.0.40219.1
Project("{8BC9CEB8-8B4A-11D0-8D11-00A0C91BC942}") = "ImageViewer", "ImageViewer\ImageViewer.vcxproj", "{BAFEB0F4-E4EF-4756-AFEF-415B90A2CB9A}"
EndProject
Global
	GlobalSection(SolutionConfigurationPlatforms) = preSolution
		debug_shared|x64 = debug_shared|x64
		debug_shared|x86 = debug_shared|x86
		debug_static_md|x64 = debug_static_md|x64
		debug_static_md|x86 = debug_static_md|x86
		debug_static_mt|x64 = debug_static_mt|x64
		debug_static_mt|x86 = debug_static_mt|x86
		Debug|x64 = Debug|x64
		Debug|x86 = Debug|x86
		release_shared|x64 = release_shared|x64
		release_shared|x86 = release_shared|x86
		release_static_md|x64 = release_static_md|x64
		release_static_md|x86 = release_static_md|x86
		release_static_mt|x64 = release_static_mt|x64
		release_static_mt|x86 = release_static_mt|x86
		Release|x64 = Release|x64
		Release|x86 = Release|x86
		UnityDebug|x64 = UnityDebug|x64
		UnityDebug|x86 = UnityDebug|x86
		UnityDebug23|x64 = UnityDebug23|x64
		UnityDebug23|x86 = UnityDebug23|x86
	EndGlobalSection
	GlobalSection(ProjectConfigurationPlatforms) = postSolution
		{BAFEB0F4-E4EF-4756-AFEF-415B90A2CB9A}.debug_shared|x64.ActiveCfg = Debug|x64
		{BAFEB0F4-E4EF-4756-AFEF-415B90A2CB9A}.debug_shared|x64.Build.0 = Debug|x64
		{BAFEB0F4-E4EF-4756-AFEF-415B90A2CB9A}.debug_shared|x86.ActiveCfg = Debug|Win32
		{BAFEB0F4-E4EF-4756-AFEF-415B90A2CB9A}.debug_shared|x86.Build.0 = Debug|Win32
		{BAFEB0F4-E4EF-4756-AFEF-415B90A2CB9A}.debug_static_md|x64.ActiveCfg = Debug|x64
		{BAFEB0F4-E4EF-4756-AFEF-415B90A2CB9A}.debug_static_md|x64.Build.0 = Debug|x64
		{BAFEB0F4-E4EF-4756-AFEF-415B90A2CB9A}.debug_static_md|x86.ActiveCfg = Debug|Win32
		{BAFEB0F4-E4EF-4756-AFEF-415B90A2CB9A}.debug_static_md|x86.Build.0 = Debug|Win32
		{BAFEB0F4-E4EF-4756-AFEF-415B90A2CB9A}.debug_static_mt|x64.ActiveCfg = Debug|x64
		{BAFEB0F4-E4EF-4756-AFEF-415B90A2CB9A}.debug_static_mt|x64.Build.0 = Debug|x64
		{BAFEB0F4-E4EF-4756-AFEF-415B90A2CB9A}.debug_static_mt|x86.ActiveCfg = Debug|Win32
		{BAFEB0F4-E4EF-4756-AFEF-415B90A2CB9A}.debug_static_mt|x86.Build.0 = Debug|Win32
		{BAFEB0F4-E4EF-4756-AFEF-415B90A2CB9A}.Debug|x64.ActiveCfg = Debug|x64
		{BAFEB0F4-E4EF-4756-AFEF-415B90A2CB9A}.Debug|x64.Build.0 = Debug|x64
		{BAFEB0F4-E4EF-4756-AFEF-415B90A2CB9A}.Debug|x86.ActiveCfg = Debug|Win32
		{BAFEB0F4-E4EF-4756-AFEF-415B90A2CB9A}.Debug|x86.Build.0 = Debug|Win32
		{BAFEB0F4-E4EF-4756-AFEF-415B90A2CB9A}.release_shared|x64.ActiveCfg = Release|x64
		{BAFEB0F4-E4EF-4756-AFEF-415B90A2CB9A}.release_shared|x64.Build.0 = Release|x64
		{BAFEB0F4-E4EF-4756-AFEF-415B90A2CB9A}.release_shared|x86.ActiveCfg = Release|Win32
		{BAFEB0F4-E4EF-4756-AFEF-415B90A2CB9A}.release_shared|x86.Build.0 = Release|Win32
		{BAFEB0F4-E4EF-4756-AFEF-415B90A2CB9A}.release_static_md|x64.ActiveCfg = Release|x64
		{BAFEB0F4-E4EF-4756-AFEF-415B90A2CB9A}.release_static_md|x64.Build.0 = Release|x64
		{BAFEB0F4-E4EF-4756-AFEF-415B90A2CB9A}.release_static_md|x86.ActiveCfg = Release|Win32
		{BAFEB0F4-E4EF-4756-AFEF-415B90A2CB9A}.release_static_md|x86.Build.0 = Release|Win32
		{BAFEB0F4-E4EF-4756-AFEF-415B90A2CB9A}.release_static_mt|x64.ActiveCfg = Release|x64
		{BAFEB0F4-E4EF-4756-AFEF-415B90A2CB9A}.release_static_mt|x64.Build.0 = Release|x64
		{BAFEB0F4-E4EF-4756-AFEF-415B90A2CB9A}.release_static_mt|x86.ActiveCfg = Release|Win32
		{BAFEB0F4-E4EF-4756-AFEF-415B90A2CB9A}.release_static_mt|x86.Build.0 = Release|Win32
		{BAFEB0F4-E4EF-4756-AFEF-415B90A2CB9A}.Release|x64.ActiveCfg = Release|x64
		{BAFEB0F4-E4EF-4756-AFEF-415B90A2CB9A}.Release|x64.Build.0 = Release|x64
		{BAFEB0F4-E4EF-4756-AFEF-415B90A2CB9A}.Release|x86.ActiveCfg = Release|Win32
		{BAFEB0F4-E4EF-4756-AFEF-415B90A2CB9A}.Release|x86.Build.0 = Release|Win32
		{BAFEB0F4-E4EF-4756-AFEF-415B90A2CB9A}.UnityDebug|x64.ActiveCfg = Debug|x64
		{BAFEB0F4-E4EF-4756-AFEF-415B90A2CB9A}.UnityDebug|x64.Build.0 = Debug|x64
		{BAFEB0F4-E4EF-4756-AFEF-415B90A2CB9A}.UnityDebug|x86.ActiveCfg = Debug|Win32
		{BAFEB0F4-E4EF-4756-AFEF-415B90A2CB9A}.UnityDebug|x86.Build.0 = Debug|Win32
		{BAFEB0F4-E4EF-4756-AFEF-415B90A2CB9A}.UnityDebug23|x64.ActiveCfg = UnityDebug23|x64
		{BAFEB0F4-E4EF-4756-AFEF-415B90A2CB9A}.UnityDebug23|x64.Build.0 = UnityDebug23|x64
		{BAFEB0F4-E4EF-4756-AFEF-415B90A2CB9A}.UnityDebug23|x86.ActiveCfg = UnityDebug23|Win32
		{BAFEB0F4-E4EF-4756-AFEF-415B90A2CB9A}.UnityDebug23|x86.Build.0 = UnityDebug23|Win32
	EndGlobalSection
	GlobalSection(SolutionProperties) = preSolution
		HideSolutionNode = FALSE
	EndGlobalSection
EndGlobal
